<?xml version="1.0" encoding="utf-8"?>
<Project ToolsVersion="17.0" xmlns="http://schemas.microsoft.com/developer/msbuild/2003">
  <ItemGroup>
    <CustomBuild Include="D:\work\slfirestorm\indra\CMakeLists.txt">
      <Filter>CMake Rules</Filter>
    </CustomBuild>
  </ItemGroup>
  <ItemGroup>
    <Filter Include="CMake Rules">
      <UniqueIdentifier>{DB653F8A-ABE7-3E63-92E9-6AA6DEAD4A7C}</UniqueIdentifier>
    </Filter>
  </ItemGroup>
</Project>
