
Microsoft Visual Studio Solution File, Format Version 12.00
# Visual Studio Version 17
Project("{8BC9CEB8-8B4A-11D0-8D11-00A0C91BC942}") = "ALL_BUILD", "ALL_BUILD.vcxproj", "{C83EF64C-C01C-39D5-91EF-CB3E667B1F5C}"
	ProjectSection(ProjectDependencies) = postProject
		{9DA13250-D6C5-3A08-8DFD-52EF5BA53FFE} = {9DA13250-D6C5-3A08-8DFD-52EF5BA53FFE}
		{18778A46-1E4A-37BE-BAF6-CDBBBF3A12A2} = {18778A46-1E4A-37BE-BAF6-CDBBBF3A12A2}
	EndProjectSection
EndProject
Project("{8BC9CEB8-8B4A-11D0-8D11-00A0C91BC942}") = "ZERO_CHECK", "..\\ZERO_CHECK.vcxproj", "{9DA13250-D6C5-3A08-8DFD-52EF5BA53FFE}"
	ProjectSection(ProjectDependencies) = postProject
	EndProjectSection
EndProject
Project("{8BC9CEB8-8B4A-11D0-8D11-00A0C91BC942}") = "llcommon", "..\llcommon\llcommon.vcxproj", "{2D54168D-EF8F-3C8D-8A13-BEE9B9017CA1}"
	ProjectSection(ProjectDependencies) = postProject
		{9DA13250-D6C5-3A08-8DFD-52EF5BA53FFE} = {9DA13250-D6C5-3A08-8DFD-52EF5BA53FFE}
		{FE9F484E-EC53-3DC5-957A-272641810678} = {FE9F484E-EC53-3DC5-957A-272641810678}
	EndProjectSection
EndProject
Project("{8BC9CEB8-8B4A-11D0-8D11-00A0C91BC942}") = "llfilesystem", "..\llfilesystem\llfilesystem.vcxproj", "{FADE55C4-48AB-39BB-9040-649D693444C3}"
	ProjectSection(ProjectDependencies) = postProject
		{9DA13250-D6C5-3A08-8DFD-52EF5BA53FFE} = {9DA13250-D6C5-3A08-8DFD-52EF5BA53FFE}
		{2D54168D-EF8F-3C8D-8A13-BEE9B9017CA1} = {2D54168D-EF8F-3C8D-8A13-BEE9B9017CA1}
	EndProjectSection
EndProject
Project("{8BC9CEB8-8B4A-11D0-8D11-00A0C91BC942}") = "llmath", "..\llmath\llmath.vcxproj", "{8FC504BE-1762-346F-92B1-1DF67EFC3D25}"
	ProjectSection(ProjectDependencies) = postProject
		{A3578571-630F-3004-A68F-FCA831BDFCBF} = {A3578571-630F-3004-A68F-FCA831BDFCBF}
	EndProjectSection
EndProject
Project("{8BC9CEB8-8B4A-11D0-8D11-00A0C91BC942}") = "llmeshoptimizer", "..\llmeshoptimizer\llmeshoptimizer.vcxproj", "{A3578571-630F-3004-A68F-FCA831BDFCBF}"
	ProjectSection(ProjectDependencies) = postProject
		{9DA13250-D6C5-3A08-8DFD-52EF5BA53FFE} = {9DA13250-D6C5-3A08-8DFD-52EF5BA53FFE}
		{2D54168D-EF8F-3C8D-8A13-BEE9B9017CA1} = {2D54168D-EF8F-3C8D-8A13-BEE9B9017CA1}
	EndProjectSection
EndProject
Project("{8BC9CEB8-8B4A-11D0-8D11-00A0C91BC942}") = "llxml", "llxml.vcxproj", "{18778A46-1E4A-37BE-BAF6-CDBBBF3A12A2}"
	ProjectSection(ProjectDependencies) = postProject
		{9DA13250-D6C5-3A08-8DFD-52EF5BA53FFE} = {9DA13250-D6C5-3A08-8DFD-52EF5BA53FFE}
		{2D54168D-EF8F-3C8D-8A13-BEE9B9017CA1} = {2D54168D-EF8F-3C8D-8A13-BEE9B9017CA1}
		{FADE55C4-48AB-39BB-9040-649D693444C3} = {FADE55C4-48AB-39BB-9040-649D693444C3}
		{8FC504BE-1762-346F-92B1-1DF67EFC3D25} = {8FC504BE-1762-346F-92B1-1DF67EFC3D25}
	EndProjectSection
EndProject
Project("{8BC9CEB8-8B4A-11D0-8D11-00A0C91BC942}") = "stage_third_party_libs", "..\llcommon\stage_third_party_libs.vcxproj", "{FE9F484E-EC53-3DC5-957A-272641810678}"
	ProjectSection(ProjectDependencies) = postProject
		{9DA13250-D6C5-3A08-8DFD-52EF5BA53FFE} = {9DA13250-D6C5-3A08-8DFD-52EF5BA53FFE}
	EndProjectSection
EndProject
Global
	GlobalSection(SolutionConfigurationPlatforms) = preSolution
		RelWithDebInfo|x64 = RelWithDebInfo|x64
		Release|x64 = Release|x64
	EndGlobalSection
	GlobalSection(ProjectConfigurationPlatforms) = postSolution
		{C83EF64C-C01C-39D5-91EF-CB3E667B1F5C}.RelWithDebInfo|x64.ActiveCfg = RelWithDebInfo|x64
		{C83EF64C-C01C-39D5-91EF-CB3E667B1F5C}.Release|x64.ActiveCfg = Release|x64
		{9DA13250-D6C5-3A08-8DFD-52EF5BA53FFE}.RelWithDebInfo|x64.ActiveCfg = RelWithDebInfo|x64
		{9DA13250-D6C5-3A08-8DFD-52EF5BA53FFE}.RelWithDebInfo|x64.Build.0 = RelWithDebInfo|x64
		{9DA13250-D6C5-3A08-8DFD-52EF5BA53FFE}.Release|x64.ActiveCfg = Release|x64
		{9DA13250-D6C5-3A08-8DFD-52EF5BA53FFE}.Release|x64.Build.0 = Release|x64
		{2D54168D-EF8F-3C8D-8A13-BEE9B9017CA1}.RelWithDebInfo|x64.ActiveCfg = RelWithDebInfo|x64
		{2D54168D-EF8F-3C8D-8A13-BEE9B9017CA1}.RelWithDebInfo|x64.Build.0 = RelWithDebInfo|x64
		{2D54168D-EF8F-3C8D-8A13-BEE9B9017CA1}.Release|x64.ActiveCfg = Release|x64
		{2D54168D-EF8F-3C8D-8A13-BEE9B9017CA1}.Release|x64.Build.0 = Release|x64
		{FADE55C4-48AB-39BB-9040-649D693444C3}.RelWithDebInfo|x64.ActiveCfg = RelWithDebInfo|x64
		{FADE55C4-48AB-39BB-9040-649D693444C3}.RelWithDebInfo|x64.Build.0 = RelWithDebInfo|x64
		{FADE55C4-48AB-39BB-9040-649D693444C3}.Release|x64.ActiveCfg = Release|x64
		{FADE55C4-48AB-39BB-9040-649D693444C3}.Release|x64.Build.0 = Release|x64
		{8FC504BE-1762-346F-92B1-1DF67EFC3D25}.RelWithDebInfo|x64.ActiveCfg = RelWithDebInfo|x64
		{8FC504BE-1762-346F-92B1-1DF67EFC3D25}.RelWithDebInfo|x64.Build.0 = RelWithDebInfo|x64
		{8FC504BE-1762-346F-92B1-1DF67EFC3D25}.Release|x64.ActiveCfg = Release|x64
		{8FC504BE-1762-346F-92B1-1DF67EFC3D25}.Release|x64.Build.0 = Release|x64
		{A3578571-630F-3004-A68F-FCA831BDFCBF}.RelWithDebInfo|x64.ActiveCfg = RelWithDebInfo|x64
		{A3578571-630F-3004-A68F-FCA831BDFCBF}.RelWithDebInfo|x64.Build.0 = RelWithDebInfo|x64
		{A3578571-630F-3004-A68F-FCA831BDFCBF}.Release|x64.ActiveCfg = Release|x64
		{A3578571-630F-3004-A68F-FCA831BDFCBF}.Release|x64.Build.0 = Release|x64
		{18778A46-1E4A-37BE-BAF6-CDBBBF3A12A2}.RelWithDebInfo|x64.ActiveCfg = RelWithDebInfo|x64
		{18778A46-1E4A-37BE-BAF6-CDBBBF3A12A2}.RelWithDebInfo|x64.Build.0 = RelWithDebInfo|x64
		{18778A46-1E4A-37BE-BAF6-CDBBBF3A12A2}.Release|x64.ActiveCfg = Release|x64
		{18778A46-1E4A-37BE-BAF6-CDBBBF3A12A2}.Release|x64.Build.0 = Release|x64
		{FE9F484E-EC53-3DC5-957A-272641810678}.RelWithDebInfo|x64.ActiveCfg = RelWithDebInfo|x64
		{FE9F484E-EC53-3DC5-957A-272641810678}.RelWithDebInfo|x64.Build.0 = RelWithDebInfo|x64
		{FE9F484E-EC53-3DC5-957A-272641810678}.Release|x64.ActiveCfg = Release|x64
		{FE9F484E-EC53-3DC5-957A-272641810678}.Release|x64.Build.0 = Release|x64
	EndGlobalSection
	GlobalSection(ExtensibilityGlobals) = postSolution
		SolutionGuid = {9983B4E7-E1DD-3B48-9D0E-0EB98CDE5BBC}
	EndGlobalSection
	GlobalSection(ExtensibilityAddIns) = postSolution
	EndGlobalSection
EndGlobal
