<?xml version="1.0" encoding="utf-8"?>
<Project ToolsVersion="17.0" xmlns="http://schemas.microsoft.com/developer/msbuild/2003">
  <ItemGroup>
    <ClCompile Include="D:\work\slfirestorm\indra\llappearance\llavatarappearance.cpp">
      <Filter>Source Files</Filter>
    </ClCompile>
    <ClCompile Include="D:\work\slfirestorm\indra\llappearance\llavatarjoint.cpp">
      <Filter>Source Files</Filter>
    </ClCompile>
    <ClCompile Include="D:\work\slfirestorm\indra\llappearance\llavatarjointmesh.cpp">
      <Filter>Source Files</Filter>
    </ClCompile>
    <ClCompile Include="D:\work\slfirestorm\indra\llappearance\lldriverparam.cpp">
      <Filter>Source Files</Filter>
    </ClCompile>
    <ClCompile Include="D:\work\slfirestorm\indra\llappearance\lllocaltextureobject.cpp">
      <Filter>Source Files</Filter>
    </ClCompile>
    <ClCompile Include="D:\work\slfirestorm\indra\llappearance\llpolyskeletaldistortion.cpp">
      <Filter>Source Files</Filter>
    </ClCompile>
    <ClCompile Include="D:\work\slfirestorm\indra\llappearance\llpolymesh.cpp">
      <Filter>Source Files</Filter>
    </ClCompile>
    <ClCompile Include="D:\work\slfirestorm\indra\llappearance\llpolymorph.cpp">
      <Filter>Source Files</Filter>
    </ClCompile>
    <ClCompile Include="D:\work\slfirestorm\indra\llappearance\lltexglobalcolor.cpp">
      <Filter>Source Files</Filter>
    </ClCompile>
    <ClCompile Include="D:\work\slfirestorm\indra\llappearance\lltexlayer.cpp">
      <Filter>Source Files</Filter>
    </ClCompile>
    <ClCompile Include="D:\work\slfirestorm\indra\llappearance\lltexlayerparams.cpp">
      <Filter>Source Files</Filter>
    </ClCompile>
    <ClCompile Include="D:\work\slfirestorm\indra\llappearance\llwearable.cpp">
      <Filter>Source Files</Filter>
    </ClCompile>
    <ClCompile Include="D:\work\slfirestorm\indra\llappearance\llwearabledata.cpp">
      <Filter>Source Files</Filter>
    </ClCompile>
    <ClCompile Include="D:\work\slfirestorm\indra\llappearance\llwearabletype.cpp">
      <Filter>Source Files</Filter>
    </ClCompile>
    <ClCompile Include="D:\work\slfirestorm\indra\llappearance\llviewervisualparam.cpp">
      <Filter>Source Files</Filter>
    </ClCompile>
    <ClCompile Include="D:\work\slfirestorm\indra\llappearance\llavatarappearancedefines.cpp">
      <Filter>Source Files</Filter>
    </ClCompile>
  </ItemGroup>
  <ItemGroup>
    <ClInclude Include="D:\work\slfirestorm\indra\llappearance\llavatarappearance.h">
      <Filter>Header Files</Filter>
    </ClInclude>
    <ClInclude Include="D:\work\slfirestorm\indra\llappearance\llavatarjoint.h">
      <Filter>Header Files</Filter>
    </ClInclude>
    <ClInclude Include="D:\work\slfirestorm\indra\llappearance\llavatarjointmesh.h">
      <Filter>Header Files</Filter>
    </ClInclude>
    <ClInclude Include="D:\work\slfirestorm\indra\llappearance\lldriverparam.h">
      <Filter>Header Files</Filter>
    </ClInclude>
    <ClInclude Include="D:\work\slfirestorm\indra\llappearance\lljointpickname.h">
      <Filter>Header Files</Filter>
    </ClInclude>
    <ClInclude Include="D:\work\slfirestorm\indra\llappearance\lllocaltextureobject.h">
      <Filter>Header Files</Filter>
    </ClInclude>
    <ClInclude Include="D:\work\slfirestorm\indra\llappearance\llpolyskeletaldistortion.h">
      <Filter>Header Files</Filter>
    </ClInclude>
    <ClInclude Include="D:\work\slfirestorm\indra\llappearance\llpolymesh.h">
      <Filter>Header Files</Filter>
    </ClInclude>
    <ClInclude Include="D:\work\slfirestorm\indra\llappearance\llpolymorph.h">
      <Filter>Header Files</Filter>
    </ClInclude>
    <ClInclude Include="D:\work\slfirestorm\indra\llappearance\lltexglobalcolor.h">
      <Filter>Header Files</Filter>
    </ClInclude>
    <ClInclude Include="D:\work\slfirestorm\indra\llappearance\lltexlayer.h">
      <Filter>Header Files</Filter>
    </ClInclude>
    <ClInclude Include="D:\work\slfirestorm\indra\llappearance\lltexlayerparams.h">
      <Filter>Header Files</Filter>
    </ClInclude>
    <ClInclude Include="D:\work\slfirestorm\indra\llappearance\llwearable.h">
      <Filter>Header Files</Filter>
    </ClInclude>
    <ClInclude Include="D:\work\slfirestorm\indra\llappearance\llwearabledata.h">
      <Filter>Header Files</Filter>
    </ClInclude>
    <ClInclude Include="D:\work\slfirestorm\indra\llappearance\llwearabletype.h">
      <Filter>Header Files</Filter>
    </ClInclude>
    <ClInclude Include="D:\work\slfirestorm\indra\llappearance\llviewervisualparam.h">
      <Filter>Header Files</Filter>
    </ClInclude>
    <ClInclude Include="D:\work\slfirestorm\indra\llappearance\llavatarappearancedefines.h">
      <Filter>Header Files</Filter>
    </ClInclude>
  </ItemGroup>
  <ItemGroup>
    <CustomBuild Include="D:\work\slfirestorm\indra\llappearance\CMakeLists.txt" />
  </ItemGroup>
  <ItemGroup>
    <Filter Include="Header Files">
      <UniqueIdentifier>{76C5A72B-61C2-30F8-9683-AA55B97E45FC}</UniqueIdentifier>
    </Filter>
    <Filter Include="Source Files">
      <UniqueIdentifier>{CD52CE67-E04E-3DA8-8470-138A6CA4F149}</UniqueIdentifier>
    </Filter>
  </ItemGroup>
</Project>
