<?xml version="1.0" encoding="utf-8"?>
<Project ToolsVersion="17.0" xmlns="http://schemas.microsoft.com/developer/msbuild/2003">
  <ItemGroup>
    <ClCompile Include="D:\work\slfirestorm\indra\llcharacter\llanimationstates.cpp">
      <Filter>Source Files</Filter>
    </ClCompile>
    <ClCompile Include="D:\work\slfirestorm\indra\llcharacter\llbvhloader.cpp">
      <Filter>Source Files</Filter>
    </ClCompile>
    <ClCompile Include="D:\work\slfirestorm\indra\llcharacter\llcharacter.cpp">
      <Filter>Source Files</Filter>
    </ClCompile>
    <ClCompile Include="D:\work\slfirestorm\indra\llcharacter\lleditingmotion.cpp">
      <Filter>Source Files</Filter>
    </ClCompile>
    <ClCompile Include="D:\work\slfirestorm\indra\llcharacter\llgesture.cpp">
      <Filter>Source Files</Filter>
    </ClCompile>
    <ClCompile Include="D:\work\slfirestorm\indra\llcharacter\llhandmotion.cpp">
      <Filter>Source Files</Filter>
    </ClCompile>
    <ClCompile Include="D:\work\slfirestorm\indra\llcharacter\llheadrotmotion.cpp">
      <Filter>Source Files</Filter>
    </ClCompile>
    <ClCompile Include="D:\work\slfirestorm\indra\llcharacter\lljoint.cpp">
      <Filter>Source Files</Filter>
    </ClCompile>
    <ClCompile Include="D:\work\slfirestorm\indra\llcharacter\lljointsolverrp3.cpp">
      <Filter>Source Files</Filter>
    </ClCompile>
    <ClCompile Include="D:\work\slfirestorm\indra\llcharacter\llkeyframefallmotion.cpp">
      <Filter>Source Files</Filter>
    </ClCompile>
    <ClCompile Include="D:\work\slfirestorm\indra\llcharacter\llkeyframemotion.cpp">
      <Filter>Source Files</Filter>
    </ClCompile>
    <ClCompile Include="D:\work\slfirestorm\indra\llcharacter\llkeyframemotionparam.cpp">
      <Filter>Source Files</Filter>
    </ClCompile>
    <ClCompile Include="D:\work\slfirestorm\indra\llcharacter\llkeyframestandmotion.cpp">
      <Filter>Source Files</Filter>
    </ClCompile>
    <ClCompile Include="D:\work\slfirestorm\indra\llcharacter\llkeyframewalkmotion.cpp">
      <Filter>Source Files</Filter>
    </ClCompile>
    <ClCompile Include="D:\work\slfirestorm\indra\llcharacter\llmotioncontroller.cpp">
      <Filter>Source Files</Filter>
    </ClCompile>
    <ClCompile Include="D:\work\slfirestorm\indra\llcharacter\llmotion.cpp">
      <Filter>Source Files</Filter>
    </ClCompile>
    <ClCompile Include="D:\work\slfirestorm\indra\llcharacter\llmultigesture.cpp">
      <Filter>Source Files</Filter>
    </ClCompile>
    <ClCompile Include="D:\work\slfirestorm\indra\llcharacter\llpose.cpp">
      <Filter>Source Files</Filter>
    </ClCompile>
    <ClCompile Include="D:\work\slfirestorm\indra\llcharacter\llstatemachine.cpp">
      <Filter>Source Files</Filter>
    </ClCompile>
    <ClCompile Include="D:\work\slfirestorm\indra\llcharacter\lltargetingmotion.cpp">
      <Filter>Source Files</Filter>
    </ClCompile>
    <ClCompile Include="D:\work\slfirestorm\indra\llcharacter\llvisualparam.cpp">
      <Filter>Source Files</Filter>
    </ClCompile>
  </ItemGroup>
  <ItemGroup>
    <ClInclude Include="D:\work\slfirestorm\indra\llcharacter\llanimationstates.h">
      <Filter>Header Files</Filter>
    </ClInclude>
    <ClInclude Include="D:\work\slfirestorm\indra\llcharacter\llbvhloader.h">
      <Filter>Header Files</Filter>
    </ClInclude>
    <ClInclude Include="D:\work\slfirestorm\indra\llcharacter\llbvhconsts.h">
      <Filter>Header Files</Filter>
    </ClInclude>
    <ClInclude Include="D:\work\slfirestorm\indra\llcharacter\llcharacter.h">
      <Filter>Header Files</Filter>
    </ClInclude>
    <ClInclude Include="D:\work\slfirestorm\indra\llcharacter\lleditingmotion.h">
      <Filter>Header Files</Filter>
    </ClInclude>
    <ClInclude Include="D:\work\slfirestorm\indra\llcharacter\llgesture.h">
      <Filter>Header Files</Filter>
    </ClInclude>
    <ClInclude Include="D:\work\slfirestorm\indra\llcharacter\llhandmotion.h">
      <Filter>Header Files</Filter>
    </ClInclude>
    <ClInclude Include="D:\work\slfirestorm\indra\llcharacter\llheadrotmotion.h">
      <Filter>Header Files</Filter>
    </ClInclude>
    <ClInclude Include="D:\work\slfirestorm\indra\llcharacter\lljoint.h">
      <Filter>Header Files</Filter>
    </ClInclude>
    <ClInclude Include="D:\work\slfirestorm\indra\llcharacter\lljointsolverrp3.h">
      <Filter>Header Files</Filter>
    </ClInclude>
    <ClInclude Include="D:\work\slfirestorm\indra\llcharacter\lljointstate.h">
      <Filter>Header Files</Filter>
    </ClInclude>
    <ClInclude Include="D:\work\slfirestorm\indra\llcharacter\llkeyframefallmotion.h">
      <Filter>Header Files</Filter>
    </ClInclude>
    <ClInclude Include="D:\work\slfirestorm\indra\llcharacter\llkeyframemotion.h">
      <Filter>Header Files</Filter>
    </ClInclude>
    <ClInclude Include="D:\work\slfirestorm\indra\llcharacter\llkeyframemotionparam.h">
      <Filter>Header Files</Filter>
    </ClInclude>
    <ClInclude Include="D:\work\slfirestorm\indra\llcharacter\llkeyframestandmotion.h">
      <Filter>Header Files</Filter>
    </ClInclude>
    <ClInclude Include="D:\work\slfirestorm\indra\llcharacter\llkeyframewalkmotion.h">
      <Filter>Header Files</Filter>
    </ClInclude>
    <ClInclude Include="D:\work\slfirestorm\indra\llcharacter\llmotion.h">
      <Filter>Header Files</Filter>
    </ClInclude>
    <ClInclude Include="D:\work\slfirestorm\indra\llcharacter\llmotioncontroller.h">
      <Filter>Header Files</Filter>
    </ClInclude>
    <ClInclude Include="D:\work\slfirestorm\indra\llcharacter\llmultigesture.h">
      <Filter>Header Files</Filter>
    </ClInclude>
    <ClInclude Include="D:\work\slfirestorm\indra\llcharacter\llpose.h">
      <Filter>Header Files</Filter>
    </ClInclude>
    <ClInclude Include="D:\work\slfirestorm\indra\llcharacter\llstatemachine.h">
      <Filter>Header Files</Filter>
    </ClInclude>
    <ClInclude Include="D:\work\slfirestorm\indra\llcharacter\lltargetingmotion.h">
      <Filter>Header Files</Filter>
    </ClInclude>
    <ClInclude Include="D:\work\slfirestorm\indra\llcharacter\llvisualparam.h">
      <Filter>Header Files</Filter>
    </ClInclude>
  </ItemGroup>
  <ItemGroup>
    <CustomBuild Include="D:\work\slfirestorm\indra\llcharacter\CMakeLists.txt" />
  </ItemGroup>
  <ItemGroup>
    <Filter Include="Header Files">
      <UniqueIdentifier>{76C5A72B-61C2-30F8-9683-AA55B97E45FC}</UniqueIdentifier>
    </Filter>
    <Filter Include="Source Files">
      <UniqueIdentifier>{CD52CE67-E04E-3DA8-8470-138A6CA4F149}</UniqueIdentifier>
    </Filter>
  </ItemGroup>
</Project>
