<?xml version="1.0" encoding="utf-8"?>
<Project ToolsVersion="17.0" xmlns="http://schemas.microsoft.com/developer/msbuild/2003">
  <ItemGroup>
    <ClCompile Include="D:\work\slfirestorm\indra\llmessage\fscorehttputil.cpp">
      <Filter>Source Files</Filter>
    </ClCompile>
    <ClCompile Include="D:\work\slfirestorm\indra\llmessage\llassetstorage.cpp">
      <Filter>Source Files</Filter>
    </ClCompile>
    <ClCompile Include="D:\work\slfirestorm\indra\llmessage\llavatarname.cpp">
      <Filter>Source Files</Filter>
    </ClCompile>
    <ClCompile Include="D:\work\slfirestorm\indra\llmessage\llavatarnamecache.cpp">
      <Filter>Source Files</Filter>
    </ClCompile>
    <ClCompile Include="D:\work\slfirestorm\indra\llmessage\llblowfishcipher.cpp">
      <Filter>Source Files</Filter>
    </ClCompile>
    <ClCompile Include="D:\work\slfirestorm\indra\llmessage\llbuffer.cpp">
      <Filter>Source Files</Filter>
    </ClCompile>
    <ClCompile Include="D:\work\slfirestorm\indra\llmessage\llbufferstream.cpp">
      <Filter>Source Files</Filter>
    </ClCompile>
    <ClCompile Include="D:\work\slfirestorm\indra\llmessage\llcachename.cpp">
      <Filter>Source Files</Filter>
    </ClCompile>
    <ClCompile Include="D:\work\slfirestorm\indra\llmessage\llchainio.cpp">
      <Filter>Source Files</Filter>
    </ClCompile>
    <ClCompile Include="D:\work\slfirestorm\indra\llmessage\llcircuit.cpp">
      <Filter>Source Files</Filter>
    </ClCompile>
    <ClCompile Include="D:\work\slfirestorm\indra\llmessage\llclassifiedflags.cpp">
      <Filter>Source Files</Filter>
    </ClCompile>
    <ClCompile Include="D:\work\slfirestorm\indra\llmessage\llcoproceduremanager.cpp">
      <Filter>Source Files</Filter>
    </ClCompile>
    <ClCompile Include="D:\work\slfirestorm\indra\llmessage\llcorehttputil.cpp">
      <Filter>Source Files</Filter>
    </ClCompile>
    <ClCompile Include="D:\work\slfirestorm\indra\llmessage\lldatapacker.cpp">
      <Filter>Source Files</Filter>
    </ClCompile>
    <ClCompile Include="D:\work\slfirestorm\indra\llmessage\lldispatcher.cpp">
      <Filter>Source Files</Filter>
    </ClCompile>
    <ClCompile Include="D:\work\slfirestorm\indra\llmessage\llexperiencecache.cpp">
      <Filter>Source Files</Filter>
    </ClCompile>
    <ClCompile Include="D:\work\slfirestorm\indra\llmessage\llgenericstreamingmessage.cpp">
      <Filter>Source Files</Filter>
    </ClCompile>
    <ClCompile Include="D:\work\slfirestorm\indra\llmessage\llhost.cpp">
      <Filter>Source Files</Filter>
    </ClCompile>
    <ClCompile Include="D:\work\slfirestorm\indra\llmessage\llhttpnode.cpp">
      <Filter>Source Files</Filter>
    </ClCompile>
    <ClCompile Include="D:\work\slfirestorm\indra\llmessage\llhttpsdhandler.cpp">
      <Filter>Source Files</Filter>
    </ClCompile>
    <ClCompile Include="D:\work\slfirestorm\indra\llmessage\llinstantmessage.cpp">
      <Filter>Source Files</Filter>
    </ClCompile>
    <ClCompile Include="D:\work\slfirestorm\indra\llmessage\lliobuffer.cpp">
      <Filter>Source Files</Filter>
    </ClCompile>
    <ClCompile Include="D:\work\slfirestorm\indra\llmessage\lliohttpserver.cpp">
      <Filter>Source Files</Filter>
    </ClCompile>
    <ClCompile Include="D:\work\slfirestorm\indra\llmessage\lliopipe.cpp">
      <Filter>Source Files</Filter>
    </ClCompile>
    <ClCompile Include="D:\work\slfirestorm\indra\llmessage\lliosocket.cpp">
      <Filter>Source Files</Filter>
    </ClCompile>
    <ClCompile Include="D:\work\slfirestorm\indra\llmessage\llioutil.cpp">
      <Filter>Source Files</Filter>
    </ClCompile>
    <ClCompile Include="D:\work\slfirestorm\indra\llmessage\llmail.cpp">
      <Filter>Source Files</Filter>
    </ClCompile>
    <ClCompile Include="D:\work\slfirestorm\indra\llmessage\llmessagebuilder.cpp">
      <Filter>Source Files</Filter>
    </ClCompile>
    <ClCompile Include="D:\work\slfirestorm\indra\llmessage\llmessageconfig.cpp">
      <Filter>Source Files</Filter>
    </ClCompile>
    <ClCompile Include="D:\work\slfirestorm\indra\llmessage\llmessagereader.cpp">
      <Filter>Source Files</Filter>
    </ClCompile>
    <ClCompile Include="D:\work\slfirestorm\indra\llmessage\llmessagetemplate.cpp">
      <Filter>Source Files</Filter>
    </ClCompile>
    <ClCompile Include="D:\work\slfirestorm\indra\llmessage\llmessagetemplateparser.cpp">
      <Filter>Source Files</Filter>
    </ClCompile>
    <ClCompile Include="D:\work\slfirestorm\indra\llmessage\llmessagethrottle.cpp">
      <Filter>Source Files</Filter>
    </ClCompile>
    <ClCompile Include="D:\work\slfirestorm\indra\llmessage\llnamevalue.cpp">
      <Filter>Source Files</Filter>
    </ClCompile>
    <ClCompile Include="D:\work\slfirestorm\indra\llmessage\llnullcipher.cpp">
      <Filter>Source Files</Filter>
    </ClCompile>
    <ClCompile Include="D:\work\slfirestorm\indra\llmessage\llpacketack.cpp">
      <Filter>Source Files</Filter>
    </ClCompile>
    <ClCompile Include="D:\work\slfirestorm\indra\llmessage\llpacketbuffer.cpp">
      <Filter>Source Files</Filter>
    </ClCompile>
    <ClCompile Include="D:\work\slfirestorm\indra\llmessage\llpacketring.cpp">
      <Filter>Source Files</Filter>
    </ClCompile>
    <ClCompile Include="D:\work\slfirestorm\indra\llmessage\llpartdata.cpp">
      <Filter>Source Files</Filter>
    </ClCompile>
    <ClCompile Include="D:\work\slfirestorm\indra\llmessage\llproxy.cpp">
      <Filter>Source Files</Filter>
    </ClCompile>
    <ClCompile Include="D:\work\slfirestorm\indra\llmessage\llpumpio.cpp">
      <Filter>Source Files</Filter>
    </ClCompile>
    <ClCompile Include="D:\work\slfirestorm\indra\llmessage\llsdappservices.cpp">
      <Filter>Source Files</Filter>
    </ClCompile>
    <ClCompile Include="D:\work\slfirestorm\indra\llmessage\llsdhttpserver.cpp">
      <Filter>Source Files</Filter>
    </ClCompile>
    <ClCompile Include="D:\work\slfirestorm\indra\llmessage\llsdmessagebuilder.cpp">
      <Filter>Source Files</Filter>
    </ClCompile>
    <ClCompile Include="D:\work\slfirestorm\indra\llmessage\llsdmessagereader.cpp">
      <Filter>Source Files</Filter>
    </ClCompile>
    <ClCompile Include="D:\work\slfirestorm\indra\llmessage\llservicebuilder.cpp">
      <Filter>Source Files</Filter>
    </ClCompile>
    <ClCompile Include="D:\work\slfirestorm\indra\llmessage\llservice.cpp">
      <Filter>Source Files</Filter>
    </ClCompile>
    <ClCompile Include="D:\work\slfirestorm\indra\llmessage\llstoredmessage.cpp">
      <Filter>Source Files</Filter>
    </ClCompile>
    <ClCompile Include="D:\work\slfirestorm\indra\llmessage\lltemplatemessagebuilder.cpp">
      <Filter>Source Files</Filter>
    </ClCompile>
    <ClCompile Include="D:\work\slfirestorm\indra\llmessage\lltemplatemessagedispatcher.cpp">
      <Filter>Source Files</Filter>
    </ClCompile>
    <ClCompile Include="D:\work\slfirestorm\indra\llmessage\lltemplatemessagereader.cpp">
      <Filter>Source Files</Filter>
    </ClCompile>
    <ClCompile Include="D:\work\slfirestorm\indra\llmessage\llthrottle.cpp">
      <Filter>Source Files</Filter>
    </ClCompile>
    <ClCompile Include="D:\work\slfirestorm\indra\llmessage\lltransfermanager.cpp">
      <Filter>Source Files</Filter>
    </ClCompile>
    <ClCompile Include="D:\work\slfirestorm\indra\llmessage\lltransfersourceasset.cpp">
      <Filter>Source Files</Filter>
    </ClCompile>
    <ClCompile Include="D:\work\slfirestorm\indra\llmessage\lltransfersourcefile.cpp">
      <Filter>Source Files</Filter>
    </ClCompile>
    <ClCompile Include="D:\work\slfirestorm\indra\llmessage\lltransfertargetfile.cpp">
      <Filter>Source Files</Filter>
    </ClCompile>
    <ClCompile Include="D:\work\slfirestorm\indra\llmessage\lltransfertargetvfile.cpp">
      <Filter>Source Files</Filter>
    </ClCompile>
    <ClCompile Include="D:\work\slfirestorm\indra\llmessage\lltrustedmessageservice.cpp">
      <Filter>Source Files</Filter>
    </ClCompile>
    <ClCompile Include="D:\work\slfirestorm\indra\llmessage\lluseroperation.cpp">
      <Filter>Source Files</Filter>
    </ClCompile>
    <ClCompile Include="D:\work\slfirestorm\indra\llmessage\llxfer.cpp">
      <Filter>Source Files</Filter>
    </ClCompile>
    <ClCompile Include="D:\work\slfirestorm\indra\llmessage\llxfer_file.cpp">
      <Filter>Source Files</Filter>
    </ClCompile>
    <ClCompile Include="D:\work\slfirestorm\indra\llmessage\llxfermanager.cpp">
      <Filter>Source Files</Filter>
    </ClCompile>
    <ClCompile Include="D:\work\slfirestorm\indra\llmessage\llxfer_mem.cpp">
      <Filter>Source Files</Filter>
    </ClCompile>
    <ClCompile Include="D:\work\slfirestorm\indra\llmessage\llxfer_vfile.cpp">
      <Filter>Source Files</Filter>
    </ClCompile>
    <ClCompile Include="D:\work\slfirestorm\indra\llmessage\llxorcipher.cpp">
      <Filter>Source Files</Filter>
    </ClCompile>
    <ClCompile Include="D:\work\slfirestorm\indra\llmessage\machine.cpp">
      <Filter>Source Files</Filter>
    </ClCompile>
    <ClCompile Include="D:\work\slfirestorm\indra\llmessage\message.cpp">
      <Filter>Source Files</Filter>
    </ClCompile>
    <ClCompile Include="D:\work\slfirestorm\indra\llmessage\message_prehash.cpp">
      <Filter>Source Files</Filter>
    </ClCompile>
    <ClCompile Include="D:\work\slfirestorm\indra\llmessage\message_string_table.cpp">
      <Filter>Source Files</Filter>
    </ClCompile>
    <ClCompile Include="D:\work\slfirestorm\indra\llmessage\net.cpp">
      <Filter>Source Files</Filter>
    </ClCompile>
    <ClCompile Include="D:\work\slfirestorm\indra\llmessage\partsyspacket.cpp">
      <Filter>Source Files</Filter>
    </ClCompile>
    <ClCompile Include="D:\work\slfirestorm\indra\llmessage\patch_code.cpp">
      <Filter>Source Files</Filter>
    </ClCompile>
    <ClCompile Include="D:\work\slfirestorm\indra\llmessage\patch_dct.cpp">
      <Filter>Source Files</Filter>
    </ClCompile>
    <ClCompile Include="D:\work\slfirestorm\indra\llmessage\patch_idct.cpp">
      <Filter>Source Files</Filter>
    </ClCompile>
    <ClCompile Include="D:\work\slfirestorm\indra\llmessage\sound_ids.cpp">
      <Filter>Source Files</Filter>
    </ClCompile>
  </ItemGroup>
  <ItemGroup>
    <ClInclude Include="D:\work\slfirestorm\indra\llmessage\fscorehttputil.h">
      <Filter>Header Files</Filter>
    </ClInclude>
    <ClInclude Include="D:\work\slfirestorm\indra\llmessage\llassetstorage.h">
      <Filter>Header Files</Filter>
    </ClInclude>
    <ClInclude Include="D:\work\slfirestorm\indra\llmessage\llavatarname.h">
      <Filter>Header Files</Filter>
    </ClInclude>
    <ClInclude Include="D:\work\slfirestorm\indra\llmessage\llavatarnamecache.h">
      <Filter>Header Files</Filter>
    </ClInclude>
    <ClInclude Include="D:\work\slfirestorm\indra\llmessage\llblowfishcipher.h">
      <Filter>Header Files</Filter>
    </ClInclude>
    <ClInclude Include="D:\work\slfirestorm\indra\llmessage\llbuffer.h">
      <Filter>Header Files</Filter>
    </ClInclude>
    <ClInclude Include="D:\work\slfirestorm\indra\llmessage\llbufferstream.h">
      <Filter>Header Files</Filter>
    </ClInclude>
    <ClInclude Include="D:\work\slfirestorm\indra\llmessage\llcachename.h">
      <Filter>Header Files</Filter>
    </ClInclude>
    <ClInclude Include="D:\work\slfirestorm\indra\llmessage\llchainio.h">
      <Filter>Header Files</Filter>
    </ClInclude>
    <ClInclude Include="D:\work\slfirestorm\indra\llmessage\llcipher.h">
      <Filter>Header Files</Filter>
    </ClInclude>
    <ClInclude Include="D:\work\slfirestorm\indra\llmessage\llcircuit.h">
      <Filter>Header Files</Filter>
    </ClInclude>
    <ClInclude Include="D:\work\slfirestorm\indra\llmessage\llclassifiedflags.h">
      <Filter>Header Files</Filter>
    </ClInclude>
    <ClInclude Include="D:\work\slfirestorm\indra\llmessage\llcoproceduremanager.h">
      <Filter>Header Files</Filter>
    </ClInclude>
    <ClInclude Include="D:\work\slfirestorm\indra\llmessage\llcorehttputil.h">
      <Filter>Header Files</Filter>
    </ClInclude>
    <ClInclude Include="D:\work\slfirestorm\indra\llmessage\lldatapacker.h">
      <Filter>Header Files</Filter>
    </ClInclude>
    <ClInclude Include="D:\work\slfirestorm\indra\llmessage\lldbstrings.h">
      <Filter>Header Files</Filter>
    </ClInclude>
    <ClInclude Include="D:\work\slfirestorm\indra\llmessage\lldispatcher.h">
      <Filter>Header Files</Filter>
    </ClInclude>
    <ClInclude Include="D:\work\slfirestorm\indra\llmessage\lleventflags.h">
      <Filter>Header Files</Filter>
    </ClInclude>
    <ClInclude Include="D:\work\slfirestorm\indra\llmessage\llexperiencecache.h">
      <Filter>Header Files</Filter>
    </ClInclude>
    <ClInclude Include="D:\work\slfirestorm\indra\llmessage\llextendedstatus.h">
      <Filter>Header Files</Filter>
    </ClInclude>
    <ClInclude Include="D:\work\slfirestorm\indra\llmessage\llfollowcamparams.h">
      <Filter>Header Files</Filter>
    </ClInclude>
    <ClInclude Include="D:\work\slfirestorm\indra\llmessage\llgenericstreamingmessage.h">
      <Filter>Header Files</Filter>
    </ClInclude>
    <ClInclude Include="D:\work\slfirestorm\indra\llmessage\llhost.h">
      <Filter>Header Files</Filter>
    </ClInclude>
    <ClInclude Include="D:\work\slfirestorm\indra\llmessage\llhttpnode.h">
      <Filter>Header Files</Filter>
    </ClInclude>
    <ClInclude Include="D:\work\slfirestorm\indra\llmessage\llhttpnodeadapter.h">
      <Filter>Header Files</Filter>
    </ClInclude>
    <ClInclude Include="D:\work\slfirestorm\indra\llmessage\llhttpsdhandler.h">
      <Filter>Header Files</Filter>
    </ClInclude>
    <ClInclude Include="D:\work\slfirestorm\indra\llmessage\llinstantmessage.h">
      <Filter>Header Files</Filter>
    </ClInclude>
    <ClInclude Include="D:\work\slfirestorm\indra\llmessage\llinvite.h">
      <Filter>Header Files</Filter>
    </ClInclude>
    <ClInclude Include="D:\work\slfirestorm\indra\llmessage\lliobuffer.h">
      <Filter>Header Files</Filter>
    </ClInclude>
    <ClInclude Include="D:\work\slfirestorm\indra\llmessage\lliohttpserver.h">
      <Filter>Header Files</Filter>
    </ClInclude>
    <ClInclude Include="D:\work\slfirestorm\indra\llmessage\lliopipe.h">
      <Filter>Header Files</Filter>
    </ClInclude>
    <ClInclude Include="D:\work\slfirestorm\indra\llmessage\lliosocket.h">
      <Filter>Header Files</Filter>
    </ClInclude>
    <ClInclude Include="D:\work\slfirestorm\indra\llmessage\llioutil.h">
      <Filter>Header Files</Filter>
    </ClInclude>
    <ClInclude Include="D:\work\slfirestorm\indra\llmessage\llloginflags.h">
      <Filter>Header Files</Filter>
    </ClInclude>
    <ClInclude Include="D:\work\slfirestorm\indra\llmessage\llmail.h">
      <Filter>Header Files</Filter>
    </ClInclude>
    <ClInclude Include="D:\work\slfirestorm\indra\llmessage\llmessagebuilder.h">
      <Filter>Header Files</Filter>
    </ClInclude>
    <ClInclude Include="D:\work\slfirestorm\indra\llmessage\llmessageconfig.h">
      <Filter>Header Files</Filter>
    </ClInclude>
    <ClInclude Include="D:\work\slfirestorm\indra\llmessage\llmessagereader.h">
      <Filter>Header Files</Filter>
    </ClInclude>
    <ClInclude Include="D:\work\slfirestorm\indra\llmessage\llmessagetemplate.h">
      <Filter>Header Files</Filter>
    </ClInclude>
    <ClInclude Include="D:\work\slfirestorm\indra\llmessage\llmessagetemplateparser.h">
      <Filter>Header Files</Filter>
    </ClInclude>
    <ClInclude Include="D:\work\slfirestorm\indra\llmessage\llmessagethrottle.h">
      <Filter>Header Files</Filter>
    </ClInclude>
    <ClInclude Include="D:\work\slfirestorm\indra\llmessage\llmsgvariabletype.h">
      <Filter>Header Files</Filter>
    </ClInclude>
    <ClInclude Include="D:\work\slfirestorm\indra\llmessage\llnamevalue.h">
      <Filter>Header Files</Filter>
    </ClInclude>
    <ClInclude Include="D:\work\slfirestorm\indra\llmessage\llnullcipher.h">
      <Filter>Header Files</Filter>
    </ClInclude>
    <ClInclude Include="D:\work\slfirestorm\indra\llmessage\llpacketack.h">
      <Filter>Header Files</Filter>
    </ClInclude>
    <ClInclude Include="D:\work\slfirestorm\indra\llmessage\llpacketbuffer.h">
      <Filter>Header Files</Filter>
    </ClInclude>
    <ClInclude Include="D:\work\slfirestorm\indra\llmessage\llpacketring.h">
      <Filter>Header Files</Filter>
    </ClInclude>
    <ClInclude Include="D:\work\slfirestorm\indra\llmessage\llpartdata.h">
      <Filter>Header Files</Filter>
    </ClInclude>
    <ClInclude Include="D:\work\slfirestorm\indra\llmessage\llpumpio.h">
      <Filter>Header Files</Filter>
    </ClInclude>
    <ClInclude Include="D:\work\slfirestorm\indra\llmessage\llproxy.h">
      <Filter>Header Files</Filter>
    </ClInclude>
    <ClInclude Include="D:\work\slfirestorm\indra\llmessage\llqueryflags.h">
      <Filter>Header Files</Filter>
    </ClInclude>
    <ClInclude Include="D:\work\slfirestorm\indra\llmessage\llregionflags.h">
      <Filter>Header Files</Filter>
    </ClInclude>
    <ClInclude Include="D:\work\slfirestorm\indra\llmessage\llregionhandle.h">
      <Filter>Header Files</Filter>
    </ClInclude>
    <ClInclude Include="D:\work\slfirestorm\indra\llmessage\llsdappservices.h">
      <Filter>Header Files</Filter>
    </ClInclude>
    <ClInclude Include="D:\work\slfirestorm\indra\llmessage\llsdhttpserver.h">
      <Filter>Header Files</Filter>
    </ClInclude>
    <ClInclude Include="D:\work\slfirestorm\indra\llmessage\llsdmessagebuilder.h">
      <Filter>Header Files</Filter>
    </ClInclude>
    <ClInclude Include="D:\work\slfirestorm\indra\llmessage\llsdmessagereader.h">
      <Filter>Header Files</Filter>
    </ClInclude>
    <ClInclude Include="D:\work\slfirestorm\indra\llmessage\llservice.h">
      <Filter>Header Files</Filter>
    </ClInclude>
    <ClInclude Include="D:\work\slfirestorm\indra\llmessage\llservicebuilder.h">
      <Filter>Header Files</Filter>
    </ClInclude>
    <ClInclude Include="D:\work\slfirestorm\indra\llmessage\llstoredmessage.h">
      <Filter>Header Files</Filter>
    </ClInclude>
    <ClInclude Include="D:\work\slfirestorm\indra\llmessage\lltaskname.h">
      <Filter>Header Files</Filter>
    </ClInclude>
    <ClInclude Include="D:\work\slfirestorm\indra\llmessage\llteleportflags.h">
      <Filter>Header Files</Filter>
    </ClInclude>
    <ClInclude Include="D:\work\slfirestorm\indra\llmessage\lltemplatemessagebuilder.h">
      <Filter>Header Files</Filter>
    </ClInclude>
    <ClInclude Include="D:\work\slfirestorm\indra\llmessage\lltemplatemessagedispatcher.h">
      <Filter>Header Files</Filter>
    </ClInclude>
    <ClInclude Include="D:\work\slfirestorm\indra\llmessage\lltemplatemessagereader.h">
      <Filter>Header Files</Filter>
    </ClInclude>
    <ClInclude Include="D:\work\slfirestorm\indra\llmessage\llthrottle.h">
      <Filter>Header Files</Filter>
    </ClInclude>
    <ClInclude Include="D:\work\slfirestorm\indra\llmessage\lltransfermanager.h">
      <Filter>Header Files</Filter>
    </ClInclude>
    <ClInclude Include="D:\work\slfirestorm\indra\llmessage\lltransfersourceasset.h">
      <Filter>Header Files</Filter>
    </ClInclude>
    <ClInclude Include="D:\work\slfirestorm\indra\llmessage\lltransfersourcefile.h">
      <Filter>Header Files</Filter>
    </ClInclude>
    <ClInclude Include="D:\work\slfirestorm\indra\llmessage\lltransfertargetfile.h">
      <Filter>Header Files</Filter>
    </ClInclude>
    <ClInclude Include="D:\work\slfirestorm\indra\llmessage\lltransfertargetvfile.h">
      <Filter>Header Files</Filter>
    </ClInclude>
    <ClInclude Include="D:\work\slfirestorm\indra\llmessage\lltrustedmessageservice.h">
      <Filter>Header Files</Filter>
    </ClInclude>
    <ClInclude Include="D:\work\slfirestorm\indra\llmessage\lluseroperation.h">
      <Filter>Header Files</Filter>
    </ClInclude>
    <ClInclude Include="D:\work\slfirestorm\indra\llmessage\llvehicleparams.h">
      <Filter>Header Files</Filter>
    </ClInclude>
    <ClInclude Include="D:\work\slfirestorm\indra\llmessage\llxfer.h">
      <Filter>Header Files</Filter>
    </ClInclude>
    <ClInclude Include="D:\work\slfirestorm\indra\llmessage\llxfermanager.h">
      <Filter>Header Files</Filter>
    </ClInclude>
    <ClInclude Include="D:\work\slfirestorm\indra\llmessage\llxfer_file.h">
      <Filter>Header Files</Filter>
    </ClInclude>
    <ClInclude Include="D:\work\slfirestorm\indra\llmessage\llxfer_mem.h">
      <Filter>Header Files</Filter>
    </ClInclude>
    <ClInclude Include="D:\work\slfirestorm\indra\llmessage\llxfer_vfile.h">
      <Filter>Header Files</Filter>
    </ClInclude>
    <ClInclude Include="D:\work\slfirestorm\indra\llmessage\llxorcipher.h">
      <Filter>Header Files</Filter>
    </ClInclude>
    <ClInclude Include="D:\work\slfirestorm\indra\llmessage\machine.h">
      <Filter>Header Files</Filter>
    </ClInclude>
    <ClInclude Include="D:\work\slfirestorm\indra\llmessage\mean_collision_data.h">
      <Filter>Header Files</Filter>
    </ClInclude>
    <ClInclude Include="D:\work\slfirestorm\indra\llmessage\message.h">
      <Filter>Header Files</Filter>
    </ClInclude>
    <ClInclude Include="D:\work\slfirestorm\indra\llmessage\message_prehash.h">
      <Filter>Header Files</Filter>
    </ClInclude>
    <ClInclude Include="D:\work\slfirestorm\indra\llmessage\net.h">
      <Filter>Header Files</Filter>
    </ClInclude>
    <ClInclude Include="D:\work\slfirestorm\indra\llmessage\partsyspacket.h">
      <Filter>Header Files</Filter>
    </ClInclude>
    <ClInclude Include="D:\work\slfirestorm\indra\llmessage\patch_code.h">
      <Filter>Header Files</Filter>
    </ClInclude>
    <ClInclude Include="D:\work\slfirestorm\indra\llmessage\patch_dct.h">
      <Filter>Header Files</Filter>
    </ClInclude>
    <ClInclude Include="D:\work\slfirestorm\indra\llmessage\sound_ids.h">
      <Filter>Header Files</Filter>
    </ClInclude>
  </ItemGroup>
  <ItemGroup>
    <CustomBuild Include="D:\work\slfirestorm\indra\llmessage\CMakeLists.txt" />
  </ItemGroup>
  <ItemGroup>
    <Filter Include="Header Files">
      <UniqueIdentifier>{76C5A72B-61C2-30F8-9683-AA55B97E45FC}</UniqueIdentifier>
    </Filter>
    <Filter Include="Source Files">
      <UniqueIdentifier>{CD52CE67-E04E-3DA8-8470-138A6CA4F149}</UniqueIdentifier>
    </Filter>
  </ItemGroup>
</Project>
