<?xml version="1.0" encoding="utf-8"?>
<Project ToolsVersion="17.0" xmlns="http://schemas.microsoft.com/developer/msbuild/2003">
  <ItemGroup>
    <CustomBuild Include="D:\work\slfirestorm\autobuild.xml" />
    <CustomBuild Include="D:\work\slfirestorm\build-vc170-64\CMakeFiles\04b296d16f0baec6a9b2a19d78a0d991\copy_touched.bat.rule">
      <Filter>CMake Rules</Filter>
    </CustomBuild>
    <CustomBuild Include="D:\work\slfirestorm\build-vc170-64\CMakeFiles\d2c8bfde287f6800ca186f5faf444d93\copy_w_viewer_manifest.rule">
      <Filter>CMake Rules</Filter>
    </CustomBuild>
    <CustomBuild Include="D:\work\slfirestorm\indra\newview\CMakeLists.txt" />
  </ItemGroup>
  <ItemGroup>
    <None Include="D:\work\slfirestorm\build-vc170-64\newview\CMakeFiles\copy_w_viewer_manifest" />
  </ItemGroup>
  <ItemGroup>
    <Filter Include="CMake Rules">
      <UniqueIdentifier>{DB653F8A-ABE7-3E63-92E9-6AA6DEAD4A7C}</UniqueIdentifier>
    </Filter>
  </ItemGroup>
</Project>
