
Microsoft Visual Studio Solution File, Format Version 12.00
# Visual Studio Version 17
Project("{8BC9CEB8-8B4A-11D0-8D11-00A0C91BC942}") = "ALL_BUILD", "ALL_BUILD.vcxproj", "{C83EF64C-C01C-39D5-91EF-CB3E667B1F5C}"
	ProjectSection(ProjectDependencies) = postProject
		{9DA13250-D6C5-3A08-8DFD-52EF5BA53FFE} = {9DA13250-D6C5-3A08-8DFD-52EF5BA53FFE}
		{D0C8E401-6B49-3832-886C-F53F3279E4FF} = {D0C8E401-6B49-3832-886C-F53F3279E4FF}
	EndProjectSection
EndProject
Project("{8BC9CEB8-8B4A-11D0-8D11-00A0C91BC942}") = "ZERO_CHECK", "..\\ZERO_CHECK.vcxproj", "{9DA13250-D6C5-3A08-8DFD-52EF5BA53FFE}"
	ProjectSection(ProjectDependencies) = postProject
	EndProjectSection
EndProject
Project("{8BC9CEB8-8B4A-11D0-8D11-00A0C91BC942}") = "llwebrtc", "llwebrtc.vcxproj", "{D0C8E401-6B49-3832-886C-F53F3279E4FF}"
	ProjectSection(ProjectDependencies) = postProject
		{9DA13250-D6C5-3A08-8DFD-52EF5BA53FFE} = {9DA13250-D6C5-3A08-8DFD-52EF5BA53FFE}
	EndProjectSection
EndProject
Global
	GlobalSection(SolutionConfigurationPlatforms) = preSolution
		RelWithDebInfo|x64 = RelWithDebInfo|x64
		Release|x64 = Release|x64
	EndGlobalSection
	GlobalSection(ProjectConfigurationPlatforms) = postSolution
		{C83EF64C-C01C-39D5-91EF-CB3E667B1F5C}.RelWithDebInfo|x64.ActiveCfg = RelWithDebInfo|x64
		{C83EF64C-C01C-39D5-91EF-CB3E667B1F5C}.Release|x64.ActiveCfg = Release|x64
		{9DA13250-D6C5-3A08-8DFD-52EF5BA53FFE}.RelWithDebInfo|x64.ActiveCfg = RelWithDebInfo|x64
		{9DA13250-D6C5-3A08-8DFD-52EF5BA53FFE}.RelWithDebInfo|x64.Build.0 = RelWithDebInfo|x64
		{9DA13250-D6C5-3A08-8DFD-52EF5BA53FFE}.Release|x64.ActiveCfg = Release|x64
		{9DA13250-D6C5-3A08-8DFD-52EF5BA53FFE}.Release|x64.Build.0 = Release|x64
		{D0C8E401-6B49-3832-886C-F53F3279E4FF}.RelWithDebInfo|x64.ActiveCfg = RelWithDebInfo|x64
		{D0C8E401-6B49-3832-886C-F53F3279E4FF}.RelWithDebInfo|x64.Build.0 = RelWithDebInfo|x64
		{D0C8E401-6B49-3832-886C-F53F3279E4FF}.Release|x64.ActiveCfg = Release|x64
		{D0C8E401-6B49-3832-886C-F53F3279E4FF}.Release|x64.Build.0 = Release|x64
	EndGlobalSection
	GlobalSection(ExtensibilityGlobals) = postSolution
		SolutionGuid = {FAB3E137-414D-3984-8C3E-5BB6D0A6ABB6}
	EndGlobalSection
	GlobalSection(ExtensibilityAddIns) = postSolution
	EndGlobalSection
EndGlobal
