<?xml version="1.0" encoding="utf-8"?>
<Project ToolsVersion="17.0" xmlns="http://schemas.microsoft.com/developer/msbuild/2003">
  <ItemGroup>
    <ClCompile Include="D:\work\slfirestorm\indra\llinventory\llcategory.cpp">
      <Filter>Source Files</Filter>
    </ClCompile>
    <ClCompile Include="D:\work\slfirestorm\indra\llinventory\lleconomy.cpp">
      <Filter>Source Files</Filter>
    </ClCompile>
    <ClCompile Include="D:\work\slfirestorm\indra\llinventory\llfoldertype.cpp">
      <Filter>Source Files</Filter>
    </ClCompile>
    <ClCompile Include="D:\work\slfirestorm\indra\llinventory\llinventory.cpp">
      <Filter>Source Files</Filter>
    </ClCompile>
    <ClCompile Include="D:\work\slfirestorm\indra\llinventory\llinventorydefines.cpp">
      <Filter>Source Files</Filter>
    </ClCompile>
    <ClCompile Include="D:\work\slfirestorm\indra\llinventory\llinventorysettings.cpp">
      <Filter>Source Files</Filter>
    </ClCompile>
    <ClCompile Include="D:\work\slfirestorm\indra\llinventory\llinventorytype.cpp">
      <Filter>Source Files</Filter>
    </ClCompile>
    <ClCompile Include="D:\work\slfirestorm\indra\llinventory\lllandmark.cpp">
      <Filter>Source Files</Filter>
    </ClCompile>
    <ClCompile Include="D:\work\slfirestorm\indra\llinventory\llnotecard.cpp">
      <Filter>Source Files</Filter>
    </ClCompile>
    <ClCompile Include="D:\work\slfirestorm\indra\llinventory\llparcel.cpp">
      <Filter>Source Files</Filter>
    </ClCompile>
    <ClCompile Include="D:\work\slfirestorm\indra\llinventory\llpermissions.cpp">
      <Filter>Source Files</Filter>
    </ClCompile>
    <ClCompile Include="D:\work\slfirestorm\indra\llinventory\llsaleinfo.cpp">
      <Filter>Source Files</Filter>
    </ClCompile>
    <ClCompile Include="D:\work\slfirestorm\indra\llinventory\llsettingsbase.cpp">
      <Filter>Source Files</Filter>
    </ClCompile>
    <ClCompile Include="D:\work\slfirestorm\indra\llinventory\llsettingsdaycycle.cpp">
      <Filter>Source Files</Filter>
    </ClCompile>
    <ClCompile Include="D:\work\slfirestorm\indra\llinventory\llsettingssky.cpp">
      <Filter>Source Files</Filter>
    </ClCompile>
    <ClCompile Include="D:\work\slfirestorm\indra\llinventory\llsettingswater.cpp">
      <Filter>Source Files</Filter>
    </ClCompile>
    <ClCompile Include="D:\work\slfirestorm\indra\llinventory\lltransactionflags.cpp">
      <Filter>Source Files</Filter>
    </ClCompile>
    <ClCompile Include="D:\work\slfirestorm\indra\llinventory\lluserrelations.cpp">
      <Filter>Source Files</Filter>
    </ClCompile>
  </ItemGroup>
  <ItemGroup>
    <ClInclude Include="D:\work\slfirestorm\indra\llinventory\llcategory.h">
      <Filter>Header Files</Filter>
    </ClInclude>
    <ClInclude Include="D:\work\slfirestorm\indra\llinventory\lleconomy.h">
      <Filter>Header Files</Filter>
    </ClInclude>
    <ClInclude Include="D:\work\slfirestorm\indra\llinventory\llfoldertype.h">
      <Filter>Header Files</Filter>
    </ClInclude>
    <ClInclude Include="D:\work\slfirestorm\indra\llinventory\llinventory.h">
      <Filter>Header Files</Filter>
    </ClInclude>
    <ClInclude Include="D:\work\slfirestorm\indra\llinventory\llinventorydefines.h">
      <Filter>Header Files</Filter>
    </ClInclude>
    <ClInclude Include="D:\work\slfirestorm\indra\llinventory\llinventorysettings.h">
      <Filter>Header Files</Filter>
    </ClInclude>
    <ClInclude Include="D:\work\slfirestorm\indra\llinventory\llinventorytype.h">
      <Filter>Header Files</Filter>
    </ClInclude>
    <ClInclude Include="D:\work\slfirestorm\indra\llinventory\llinvtranslationbrdg.h">
      <Filter>Header Files</Filter>
    </ClInclude>
    <ClInclude Include="D:\work\slfirestorm\indra\llinventory\lllandmark.h">
      <Filter>Header Files</Filter>
    </ClInclude>
    <ClInclude Include="D:\work\slfirestorm\indra\llinventory\llnotecard.h">
      <Filter>Header Files</Filter>
    </ClInclude>
    <ClInclude Include="D:\work\slfirestorm\indra\llinventory\llparcel.h">
      <Filter>Header Files</Filter>
    </ClInclude>
    <ClInclude Include="D:\work\slfirestorm\indra\llinventory\llparcelflags.h">
      <Filter>Header Files</Filter>
    </ClInclude>
    <ClInclude Include="D:\work\slfirestorm\indra\llinventory\llpermissions.h">
      <Filter>Header Files</Filter>
    </ClInclude>
    <ClInclude Include="D:\work\slfirestorm\indra\llinventory\llpermissionsflags.h">
      <Filter>Header Files</Filter>
    </ClInclude>
    <ClInclude Include="D:\work\slfirestorm\indra\llinventory\llsaleinfo.h">
      <Filter>Header Files</Filter>
    </ClInclude>
    <ClInclude Include="D:\work\slfirestorm\indra\llinventory\llsettingsbase.h">
      <Filter>Header Files</Filter>
    </ClInclude>
    <ClInclude Include="D:\work\slfirestorm\indra\llinventory\llsettingsdaycycle.h">
      <Filter>Header Files</Filter>
    </ClInclude>
    <ClInclude Include="D:\work\slfirestorm\indra\llinventory\llsettingssky.h">
      <Filter>Header Files</Filter>
    </ClInclude>
    <ClInclude Include="D:\work\slfirestorm\indra\llinventory\llsettingswater.h">
      <Filter>Header Files</Filter>
    </ClInclude>
    <ClInclude Include="D:\work\slfirestorm\indra\llinventory\lltransactionflags.h">
      <Filter>Header Files</Filter>
    </ClInclude>
    <ClInclude Include="D:\work\slfirestorm\indra\llinventory\lltransactiontypes.h">
      <Filter>Header Files</Filter>
    </ClInclude>
    <ClInclude Include="D:\work\slfirestorm\indra\llinventory\lluserrelations.h">
      <Filter>Header Files</Filter>
    </ClInclude>
  </ItemGroup>
  <ItemGroup>
    <CustomBuild Include="D:\work\slfirestorm\indra\llinventory\CMakeLists.txt" />
  </ItemGroup>
  <ItemGroup>
    <Filter Include="Header Files">
      <UniqueIdentifier>{76C5A72B-61C2-30F8-9683-AA55B97E45FC}</UniqueIdentifier>
    </Filter>
    <Filter Include="Source Files">
      <UniqueIdentifier>{CD52CE67-E04E-3DA8-8470-138A6CA4F149}</UniqueIdentifier>
    </Filter>
  </ItemGroup>
</Project>
