<?xml version="1.0" encoding="utf-8"?>
<Project ToolsVersion="17.0" xmlns="http://schemas.microsoft.com/developer/msbuild/2003">
  <ItemGroup>
    <ClCompile Include="D:\work\slfirestorm\indra\llprimitive\lldaeloader.cpp">
      <Filter>Source Files</Filter>
    </ClCompile>
    <ClCompile Include="D:\work\slfirestorm\indra\llprimitive\llgltfloader.cpp">
      <Filter>Source Files</Filter>
    </ClCompile>
    <ClCompile Include="D:\work\slfirestorm\indra\llprimitive\llgltfmaterial.cpp">
      <Filter>Source Files</Filter>
    </ClCompile>
    <ClCompile Include="D:\work\slfirestorm\indra\llprimitive\llmaterialid.cpp">
      <Filter>Source Files</Filter>
    </ClCompile>
    <ClCompile Include="D:\work\slfirestorm\indra\llprimitive\llmaterial.cpp">
      <Filter>Source Files</Filter>
    </ClCompile>
    <ClCompile Include="D:\work\slfirestorm\indra\llprimitive\llmaterialtable.cpp">
      <Filter>Source Files</Filter>
    </ClCompile>
    <ClCompile Include="D:\work\slfirestorm\indra\llprimitive\llmediaentry.cpp">
      <Filter>Source Files</Filter>
    </ClCompile>
    <ClCompile Include="D:\work\slfirestorm\indra\llprimitive\llmodel.cpp">
      <Filter>Source Files</Filter>
    </ClCompile>
    <ClCompile Include="D:\work\slfirestorm\indra\llprimitive\llmodelloader.cpp">
      <Filter>Source Files</Filter>
    </ClCompile>
    <ClCompile Include="D:\work\slfirestorm\indra\llprimitive\llprimitive.cpp">
      <Filter>Source Files</Filter>
    </ClCompile>
    <ClCompile Include="D:\work\slfirestorm\indra\llprimitive\llprimtexturelist.cpp">
      <Filter>Source Files</Filter>
    </ClCompile>
    <ClCompile Include="D:\work\slfirestorm\indra\llprimitive\lltextureanim.cpp">
      <Filter>Source Files</Filter>
    </ClCompile>
    <ClCompile Include="D:\work\slfirestorm\indra\llprimitive\lltextureentry.cpp">
      <Filter>Source Files</Filter>
    </ClCompile>
    <ClCompile Include="D:\work\slfirestorm\indra\llprimitive\lltreeparams.cpp">
      <Filter>Source Files</Filter>
    </ClCompile>
    <ClCompile Include="D:\work\slfirestorm\indra\llprimitive\llvolumemessage.cpp">
      <Filter>Source Files</Filter>
    </ClCompile>
    <ClCompile Include="D:\work\slfirestorm\indra\llprimitive\material_codes.cpp">
      <Filter>Source Files</Filter>
    </ClCompile>
  </ItemGroup>
  <ItemGroup>
    <ClInclude Include="D:\work\slfirestorm\indra\llprimitive\lldaeloader.h">
      <Filter>Header Files</Filter>
    </ClInclude>
    <ClInclude Include="D:\work\slfirestorm\indra\llprimitive\llgltfloader.h">
      <Filter>Header Files</Filter>
    </ClInclude>
    <ClInclude Include="D:\work\slfirestorm\indra\llprimitive\llgltfmaterial.h">
      <Filter>Header Files</Filter>
    </ClInclude>
    <ClInclude Include="D:\work\slfirestorm\indra\llprimitive\llgltfmaterial_templates.h">
      <Filter>Header Files</Filter>
    </ClInclude>
    <ClInclude Include="D:\work\slfirestorm\indra\llprimitive\legacy_object_types.h">
      <Filter>Header Files</Filter>
    </ClInclude>
    <ClInclude Include="D:\work\slfirestorm\indra\llprimitive\llmaterial.h">
      <Filter>Header Files</Filter>
    </ClInclude>
    <ClInclude Include="D:\work\slfirestorm\indra\llprimitive\llmaterialid.h">
      <Filter>Header Files</Filter>
    </ClInclude>
    <ClInclude Include="D:\work\slfirestorm\indra\llprimitive\llmaterialtable.h">
      <Filter>Header Files</Filter>
    </ClInclude>
    <ClInclude Include="D:\work\slfirestorm\indra\llprimitive\llmediaentry.h">
      <Filter>Header Files</Filter>
    </ClInclude>
    <ClInclude Include="D:\work\slfirestorm\indra\llprimitive\llmodel.h">
      <Filter>Header Files</Filter>
    </ClInclude>
    <ClInclude Include="D:\work\slfirestorm\indra\llprimitive\llmodelloader.h">
      <Filter>Header Files</Filter>
    </ClInclude>
    <ClInclude Include="D:\work\slfirestorm\indra\llprimitive\llprimitive.h">
      <Filter>Header Files</Filter>
    </ClInclude>
    <ClInclude Include="D:\work\slfirestorm\indra\llprimitive\llprimtexturelist.h">
      <Filter>Header Files</Filter>
    </ClInclude>
    <ClInclude Include="D:\work\slfirestorm\indra\llprimitive\lllslconstants.h">
      <Filter>Header Files</Filter>
    </ClInclude>
    <ClInclude Include="D:\work\slfirestorm\indra\llprimitive\lltextureanim.h">
      <Filter>Header Files</Filter>
    </ClInclude>
    <ClInclude Include="D:\work\slfirestorm\indra\llprimitive\lltextureentry.h">
      <Filter>Header Files</Filter>
    </ClInclude>
    <ClInclude Include="D:\work\slfirestorm\indra\llprimitive\lltreeparams.h">
      <Filter>Header Files</Filter>
    </ClInclude>
    <ClInclude Include="D:\work\slfirestorm\indra\llprimitive\lltree_common.h">
      <Filter>Header Files</Filter>
    </ClInclude>
    <ClInclude Include="D:\work\slfirestorm\indra\llprimitive\llvolumemessage.h">
      <Filter>Header Files</Filter>
    </ClInclude>
    <ClInclude Include="D:\work\slfirestorm\indra\llprimitive\material_codes.h">
      <Filter>Header Files</Filter>
    </ClInclude>
    <ClInclude Include="D:\work\slfirestorm\indra\llprimitive\object_flags.h">
      <Filter>Header Files</Filter>
    </ClInclude>
  </ItemGroup>
  <ItemGroup>
    <CustomBuild Include="D:\work\slfirestorm\indra\llprimitive\CMakeLists.txt" />
  </ItemGroup>
  <ItemGroup>
    <Filter Include="Header Files">
      <UniqueIdentifier>{76C5A72B-61C2-30F8-9683-AA55B97E45FC}</UniqueIdentifier>
    </Filter>
    <Filter Include="Source Files">
      <UniqueIdentifier>{CD52CE67-E04E-3DA8-8470-138A6CA4F149}</UniqueIdentifier>
    </Filter>
  </ItemGroup>
</Project>
